
Microsoft Visual Studio Solution File, Format Version 12.00
# Visual Studio Version 17
VisualStudioVersion = 17.8.34316.72
MinimumVisualStudioVersion = 10.0.40219.1
Project("{FAE04EC0-301F-11D3-BF4B-00C04F79EFBC}") = "StandartPompa", "StandartPompa.csproj", "{C9746EE4-A988-478A-A1F4-14E63F572B01}"
EndProject
Global
	GlobalSection(SolutionConfigurationPlatforms) = preSolution
		Debug|Any CPU = Debug|Any CPU
		Release|Any CPU = Release|Any CPU
	EndGlobalSection
	GlobalSection(ProjectConfigurationPlatforms) = postSolution
		{C9746EE4-A988-478A-A1F4-14E63F572B01}.Debug|Any CPU.ActiveCfg = Debug|Any CPU
		{C9746EE4-A988-478A-A1F4-14E63F572B01}.Debug|Any CPU.Build.0 = Debug|Any CPU
		{C9746EE4-A988-478A-A1F4-14E63F572B01}.Release|Any CPU.ActiveCfg = Release|Any CPU
		{C9746EE4-A988-478A-A1F4-14E63F572B01}.Release|Any CPU.Build.0 = Release|Any CPU
	EndGlobalSection
	GlobalSection(SolutionProperties) = preSolution
		HideSolutionNode = FALSE
	EndGlobalSection
	GlobalSection(ExtensibilityGlobals) = postSolution
		SolutionGuid = {281196F7-DBF2-4BC0-B1F4-AE65DF729611}
	EndGlobalSection
EndGlobal
